
Microsoft Visual Studio Solution File, Format Version 12.00
# Visual Studio Version 17
VisualStudioVersion = 17.5.33530.505
MinimumVisualStudioVersion = 10.0.40219.1
Project("{FAE04EC0-301F-11D3-BF4B-00C04F79EFBC}") = "Game", "Game\Game.csproj", "{285BB22D-4550-4473-97FE-CDFAA38FC225}"
EndProject
Global
	GlobalSection(SolutionConfigurationPlatforms) = preSolution
		Debug|Any CPU = Debug|Any CPU
		Release|Any CPU = Release|Any CPU
	EndGlobalSection
	GlobalSection(ProjectConfigurationPlatforms) = postSolution
		{285BB22D-4550-4473-97FE-CDFAA38FC225}.Debug|Any CPU.ActiveCfg = Debug|Any CPU
		{285BB22D-4550-4473-97FE-CDFAA38FC225}.Debug|Any CPU.Build.0 = Debug|Any CPU
		{285BB22D-4550-4473-97FE-CDFAA38FC225}.Release|Any CPU.ActiveCfg = Release|Any CPU
		{285BB22D-4550-4473-97FE-CDFAA38FC225}.Release|Any CPU.Build.0 = Release|Any CPU
	EndGlobalSection
	GlobalSection(SolutionProperties) = preSolution
		HideSolutionNode = FALSE
	EndGlobalSection
	GlobalSection(ExtensibilityGlobals) = postSolution
		SolutionGuid = {E7A9D626-DB10-4D9A-B2D4-FD3FE776E0E3}
	EndGlobalSection
EndGlobal
